
Microsoft Visual Studio Solution File, Format Version 12.00
# Visual Studio Version 17
VisualStudioVersion = 17.0.31903.59
MinimumVisualStudioVersion = 10.0.40219.1
Project("{2150E333-8FDC-42A3-9474-1A3956D46DE8}") = "src", "src", "{12F8A78B-73A2-42E7-B001-5BDBC6AEC064}"
EndProject
Project("{FAE04EC0-301F-11D3-BF4B-00C04F79EFBC}") = "Movix.NFe.Api", "src\Movix.NFe.Api\Movix.NFe.Api.csproj", "{8EF0004A-C593-45C5-9A2B-BFDCC9ED4C79}"
EndProject
Project("{FAE04EC0-301F-11D3-BF4B-00C04F79EFBC}") = "Movix.NFe.Core", "src\Movix.NFe.Core\Movix.NFe.Core.csproj", "{38DC6397-3954-4A0E-B0BA-97393F5EF44C}"
EndProject
Global
	GlobalSection(SolutionConfigurationPlatforms) = preSolution
		Debug|Any CPU = Debug|Any CPU
		Release|Any CPU = Release|Any CPU
	EndGlobalSection
	GlobalSection(SolutionProperties) = preSolution
		HideSolutionNode = FALSE
	EndGlobalSection
	GlobalSection(ProjectConfigurationPlatforms) = postSolution
		{8EF0004A-C593-45C5-9A2B-BFDCC9ED4C79}.Debug|Any CPU.ActiveCfg = Debug|Any CPU
		{8EF0004A-C593-45C5-9A2B-BFDCC9ED4C79}.Debug|Any CPU.Build.0 = Debug|Any CPU
		{8EF0004A-C593-45C5-9A2B-BFDCC9ED4C79}.Release|Any CPU.ActiveCfg = Release|Any CPU
		{8EF0004A-C593-45C5-9A2B-BFDCC9ED4C79}.Release|Any CPU.Build.0 = Release|Any CPU
		{38DC6397-3954-4A0E-B0BA-97393F5EF44C}.Debug|Any CPU.ActiveCfg = Debug|Any CPU
		{38DC6397-3954-4A0E-B0BA-97393F5EF44C}.Debug|Any CPU.Build.0 = Debug|Any CPU
		{38DC6397-3954-4A0E-B0BA-97393F5EF44C}.Release|Any CPU.ActiveCfg = Release|Any CPU
		{38DC6397-3954-4A0E-B0BA-97393F5EF44C}.Release|Any CPU.Build.0 = Release|Any CPU
	EndGlobalSection
	GlobalSection(NestedProjects) = preSolution
		{8EF0004A-C593-45C5-9A2B-BFDCC9ED4C79} = {12F8A78B-73A2-42E7-B001-5BDBC6AEC064}
		{38DC6397-3954-4A0E-B0BA-97393F5EF44C} = {12F8A78B-73A2-42E7-B001-5BDBC6AEC064}
	EndGlobalSection
EndGlobal
